
Microsoft Visual Studio Solution File, Format Version 12.00
# Visual Studio Version 17
VisualStudioVersion = 17.9.34728.123
MinimumVisualStudioVersion = 10.0.40219.1
Project("{FAE04EC0-301F-11D3-BF4B-00C04F79EFBC}") = "UserControlDemo", "UserControlDemo\UserControlDemo.csproj", "{5C42EB86-5BAD-4CE1-A31E-86F058444CBA}"
EndProject
Global
	GlobalSection(SolutionConfigurationPlatforms) = preSolution
		Debug|Any CPU = Debug|Any CPU
		Release|Any CPU = Release|Any CPU
	EndGlobalSection
	GlobalSection(ProjectConfigurationPlatforms) = postSolution
		{5C42EB86-5BAD-4CE1-A31E-86F058444CBA}.Debug|Any CPU.ActiveCfg = Debug|Any CPU
		{5C42EB86-5BAD-4CE1-A31E-86F058444CBA}.Debug|Any CPU.Build.0 = Debug|Any CPU
		{5C42EB86-5BAD-4CE1-A31E-86F058444CBA}.Release|Any CPU.ActiveCfg = Release|Any CPU
		{5C42EB86-5BAD-4CE1-A31E-86F058444CBA}.Release|Any CPU.Build.0 = Release|Any CPU
	EndGlobalSection
	GlobalSection(SolutionProperties) = preSolution
		HideSolutionNode = FALSE
	EndGlobalSection
	GlobalSection(ExtensibilityGlobals) = postSolution
		SolutionGuid = {9D88DA87-68E1-4C80-B9AD-63DE9642B8D4}
	EndGlobalSection
EndGlobal
